// !$*UTF8*$!
{
	archiveVersion = 1;
	classes = {
	};
	objectVersion = 48;
	objects = {

/* Begin PBXBuildFile section */
		D38C1DC7204E3183001E3A2A /* ViewController.swift in Sources */ = {isa = PBXBuildFile; fileRef = D38C1DC6204E3183001E3A2A /* ViewController.swift */; };
		D38C1DCA204E3183001E3A2A /* Main.storyboard in Resources */ = {isa = PBXBuildFile; fileRef = D38C1DC8204E3183001E3A2A /* Main.storyboard */; };
		D38C1DD9204E38CA001E3A2A /* PageCollectionviewCell.swift in Sources */ = {isa = PBXBuildFile; fileRef = D38C1DD7204E38CA001E3A2A /* PageCollectionviewCell.swift */; };
		D38C1DDA204E38CA001E3A2A /* PageCollectionviewCell.xib in Resources */ = {isa = PBXBuildFile; fileRef = D38C1DD8204E38CA001E3A2A /* PageCollectionviewCell.xib */; };
		D38C1DDC204E429F001E3A2A /* Info.plist in Resources */ = {isa = PBXBuildFile; fileRef = D38C1DDB204E429F001E3A2A /* Info.plist */; };
		D38C1DDE204E42DA001E3A2A /* LaunchScreen.storyboard in Resources */ = {isa = PBXBuildFile; fileRef = D38C1DDD204E42DA001E3A2A /* LaunchScreen.storyboard */; };
		D38C1DE0204E42E3001E3A2A /* AppDelegate.swift in Sources */ = {isa = PBXBuildFile; fileRef = D38C1DDF204E42E3001E3A2A /* AppDelegate.swift */; };
		D38C1DE2204E42FF001E3A2A /* Assets.xcassets in Resources */ = {isa = PBXBuildFile; fileRef = D38C1DE1204E42FF001E3A2A /* Assets.xcassets */; };
/* End PBXBuildFile section */

/* Begin PBXFileReference section */
		D38C1DC1204E3183001E3A2A /* PageCollectionview.app */ = {isa = PBXFileReference; explicitFileType = wrapper.application; includeInIndex = 0; path = PageCollectionview.app; sourceTree = BUILT_PRODUCTS_DIR; };
		D38C1DC6204E3183001E3A2A /* ViewController.swift */ = {isa = PBXFileReference; lastKnownFileType = sourcecode.swift; path = ViewController.swift; sourceTree = "<group>"; };
		D38C1DC9204E3183001E3A2A /* Base */ = {isa = PBXFileReference; lastKnownFileType = file.storyboard; name = Base; path = Base.lproj/Main.storyboard; sourceTree = "<group>"; };
		D38C1DD7204E38CA001E3A2A /* PageCollectionviewCell.swift */ = {isa = PBXFileReference; lastKnownFileType = sourcecode.swift; path = PageCollectionviewCell.swift; sourceTree = "<group>"; };
		D38C1DD8204E38CA001E3A2A /* PageCollectionviewCell.xib */ = {isa = PBXFileReference; lastKnownFileType = file.xib; path = PageCollectionviewCell.xib; sourceTree = "<group>"; };
		D38C1DDB204E429F001E3A2A /* Info.plist */ = {isa = PBXFileReference; fileEncoding = 4; lastKnownFileType = text.plist.xml; path = Info.plist; sourceTree = "<group>"; };
		D38C1DDD204E42DA001E3A2A /* LaunchScreen.storyboard */ = {isa = PBXFileReference; fileEncoding = 4; lastKnownFileType = file.storyboard; path = LaunchScreen.storyboard; sourceTree = "<group>"; };
		D38C1DDF204E42E3001E3A2A /* AppDelegate.swift */ = {isa = PBXFileReference; fileEncoding = 4; lastKnownFileType = sourcecode.swift; path = AppDelegate.swift; sourceTree = "<group>"; };
		D38C1DE1204E42FF001E3A2A /* Assets.xcassets */ = {isa = PBXFileReference; lastKnownFileType = folder.assetcatalog; path = Assets.xcassets; sourceTree = "<group>"; };
/* End PBXFileReference section */

/* Begin PBXFrameworksBuildPhase section */
		D38C1DBE204E3183001E3A2A /* Frameworks */ = {
			isa = PBXFrameworksBuildPhase;
			buildActionMask = 2147483647;
			files = (
			);
			runOnlyForDeploymentPostprocessing = 0;
		};
/* End PBXFrameworksBuildPhase section */

/* Begin PBXGroup section */
		D38C1DB8204E3183001E3A2A = {
			isa = PBXGroup;
			children = (
				D38C1DC3204E3183001E3A2A /* PageCollectionview */,
				D38C1DC2204E3183001E3A2A /* Products */,
			);
			sourceTree = "<group>";
		};
		D38C1DC2204E3183001E3A2A /* Products */ = {
			isa = PBXGroup;
			children = (
				D38C1DC1204E3183001E3A2A /* PageCollectionview.app */,
			);
			name = Products;
			sourceTree = "<group>";
		};
		D38C1DC3204E3183001E3A2A /* PageCollectionview */ = {
			isa = PBXGroup;
			children = (
				D38C1DC6204E3183001E3A2A /* ViewController.swift */,
				D38C1DC8204E3183001E3A2A /* Main.storyboard */,
				D38C1DD7204E38CA001E3A2A /* PageCollectionviewCell.swift */,
				D38C1DD8204E38CA001E3A2A /* PageCollectionviewCell.xib */,
				D38C1DE3204E4307001E3A2A /* SupportingFile */,
			);
			path = PageCollectionview;
			sourceTree = "<group>";
		};
		D38C1DE3204E4307001E3A2A /* SupportingFile */ = {
			isa = PBXGroup;
			children = (
				D38C1DDB204E429F001E3A2A /* Info.plist */,
				D38C1DDD204E42DA001E3A2A /* LaunchScreen.storyboard */,
				D38C1DDF204E42E3001E3A2A /* AppDelegate.swift */,
				D38C1DE1204E42FF001E3A2A /* Assets.xcassets */,
			);
			name = SupportingFile;
			sourceTree = "<group>";
		};
/* End PBXGroup section */

/* Begin PBXNativeTarget section */
		D38C1DC0204E3183001E3A2A /* PageCollectionview */ = {
			isa = PBXNativeTarget;
			buildConfigurationList = D38C1DD3204E3183001E3A2A /* Build configuration list for PBXNativeTarget "PageCollectionview" */;
			buildPhases = (
				D38C1DBD204E3183001E3A2A /* Sources */,
				D38C1DBE204E3183001E3A2A /* Frameworks */,
				D38C1DBF204E3183001E3A2A /* Resources */,
			);
			buildRules = (
			);
			dependencies = (
			);
			name = PageCollectionview;
			productName = PageCollectionview;
			productReference = D38C1DC1204E3183001E3A2A /* PageCollectionview.app */;
			productType = "com.apple.product-type.application";
		};
/* End PBXNativeTarget section */

/* Begin PBXProject section */
		D38C1DB9204E3183001E3A2A /* Project object */ = {
			isa = PBXProject;
			attributes = {
				LastSwiftUpdateCheck = 0910;
				LastUpgradeCheck = 0910;
				ORGANIZATIONNAME = DK;
				TargetAttributes = {
					D38C1DC0204E3183001E3A2A = {
						CreatedOnToolsVersion = 9.1;
						ProvisioningStyle = Automatic;
					};
				};
			};
			buildConfigurationList = D38C1DBC204E3183001E3A2A /* Build configuration list for PBXProject "PageCollectionview" */;
			compatibilityVersion = "Xcode 8.0";
			developmentRegion = en;
			hasScannedForEncodings = 0;
			knownRegions = (
				en,
				Base,
			);
			mainGroup = D38C1DB8204E3183001E3A2A;
			productRefGroup = D38C1DC2204E3183001E3A2A /* Products */;
			projectDirPath = "";
			projectRoot = "";
			targets = (
				D38C1DC0204E3183001E3A2A /* PageCollectionview */,
			);
		};
/* End PBXProject section */

/* Begin PBXResourcesBuildPhase section */
		D38C1DBF204E3183001E3A2A /* Resources */ = {
			isa = PBXResourcesBuildPhase;
			buildActionMask = 2147483647;
			files = (
				D38C1DCA204E3183001E3A2A /* Main.storyboard in Resources */,
				D38C1DDE204E42DA001E3A2A /* LaunchScreen.storyboard in Resources */,
				D38C1DDC204E429F001E3A2A /* Info.plist in Resources */,
				D38C1DDA204E38CA001E3A2A /* PageCollectionviewCell.xib in Resources */,
				D38C1DE2204E42FF001E3A2A /* Assets.xcassets in Resources */,
			);
			runOnlyForDeploymentPostprocessing = 0;
		};
/* End PBXResourcesBuildPhase section */

/* Begin PBXSourcesBuildPhase section */
		D38C1DBD204E3183001E3A2A /* Sources */ = {
			isa = PBXSourcesBuildPhase;
			buildActionMask = 2147483647;
			files = (
				D38C1DE0204E42E3001E3A2A /* AppDelegate.swift in Sources */,
				D38C1DC7204E3183001E3A2A /* ViewController.swift in Sources */,
				D38C1DD9204E38CA001E3A2A /* PageCollectionviewCell.swift in Sources */,
			);
			runOnlyForDeploymentPostprocessing = 0;
		};
/* End PBXSourcesBuildPhase section */

/* Begin PBXVariantGroup section */
		D38C1DC8204E3183001E3A2A /* Main.storyboard */ = {
			isa = PBXVariantGroup;
			children = (
				D38C1DC9204E3183001E3A2A /* Base */,
			);
			name = Main.storyboard;
			sourceTree = "<group>";
		};
/* End PBXVariantGroup section */

/* Begin XCBuildConfiguration section */
		D38C1DD1204E3183001E3A2A /* Debug */ = {
			isa = XCBuildConfiguration;
			buildSettings = {
				ALWAYS_SEARCH_USER_PATHS = NO;
				CLANG_ANALYZER_NONNULL = YES;
				CLANG_ANALYZER_NUMBER_OBJECT_CONVERSION = YES_AGGRESSIVE;
				CLANG_CXX_LANGUAGE_STANDARD = "gnu++14";
				CLANG_CXX_LIBRARY = "libc++";
				CLANG_ENABLE_MODULES = YES;
				CLANG_ENABLE_OBJC_ARC = YES;
				CLANG_WARN_BLOCK_CAPTURE_AUTORELEASING = YES;
				CLANG_WARN_BOOL_CONVERSION = YES;
				CLANG_WARN_COMMA = YES;
				CLANG_WARN_CONSTANT_CONVERSION = YES;
				CLANG_WARN_DIRECT_OBJC_ISA_USAGE = YES_ERROR;
				CLANG_WARN_DOCUMENTATION_COMMENTS = YES;
				CLANG_WARN_EMPTY_BODY = YES;
				CLANG_WARN_ENUM_CONVERSION = YES;
				CLANG_WARN_INFINITE_RECURSION = YES;
				CLANG_WARN_INT_CONVERSION = YES;
				CLANG_WARN_NON_LITERAL_NULL_CONVERSION = YES;
				CLANG_WARN_OBJC_LITERAL_CONVERSION = YES;
				CLANG_WARN_OBJC_ROOT_CLASS = YES_ERROR;
				CLANG_WARN_RANGE_LOOP_ANALYSIS = YES;
				CLANG_WARN_STRICT_PROTOTYPES = YES;
				CLANG_WARN_SUSPICIOUS_MOVE = YES;
				CLANG_WARN_UNGUARDED_AVAILABILITY = YES_AGGRESSIVE;
				CLANG_WARN_UNREACHABLE_CODE = YES;
				CLANG_WARN__DUPLICATE_METHOD_MATCH = YES;
				CODE_SIGN_IDENTITY = "iPhone Developer";
				COPY_PHASE_STRIP = NO;
				DEBUG_INFORMATION_FORMAT = dwarf;
				ENABLE_STRICT_OBJC_MSGSEND = YES;
				ENABLE_TESTABILITY = YES;
				GCC_C_LANGUAGE_STANDARD = gnu11;
				GCC_DYNAMIC_NO_PIC = NO;
				GCC_NO_COMMON_BLOCKS = YES;
				GCC_OPTIMIZATION_LEVEL = 0;
				GCC_PREPROCESSOR_DEFINITIONS = (
					"DEBUG=1",
					"$(inherited)",
				);
				GCC_WARN_64_TO_32_BIT_CONVERSION = YES;
				GCC_WARN_ABOUT_RETURN_TYPE = YES_ERROR;
				GCC_WARN_UNDECLARED_SELECTOR = YES;
				GCC_WARN_UNINITIALIZED_AUTOS = YES_AGGRESSIVE;
				GCC_WARN_UNUSED_FUNCTION = YES;
				GCC_WARN_UNUSED_VARIABLE = YES;
				IPHONEOS_DEPLOYMENT_TARGET = 11.1;
				MTL_ENABLE_DEBUG_INFO = YES;
				ONLY_ACTIVE_ARCH = YES;
				SDKROOT = iphoneos;
				SWIFT_ACTIVE_COMPILATION_CONDITIONS = DEBUG;
				SWIFT_OPTIMIZATION_LEVEL = "-Onone";
			};
			name = Debug;
		};
		D38C1DD2204E3183001E3A2A /* Release */ = {
			isa = XCBuildConfiguration;
			buildSettings = {
				ALWAYS_SEARCH_USER_PATHS = NO;
				CLANG_ANALYZER_NONNULL = YES;
				CLANG_ANALYZER_NUMBER_OBJECT_CONVERSION = YES_AGGRESSIVE;
				CLANG_CXX_LANGUAGE_STANDARD = "gnu++14";
				CLANG_CXX_LIBRARY = "libc++";
				CLANG_ENABLE_MODULES = YES;
				CLANG_ENABLE_OBJC_ARC = YES;
				CLANG_WARN_BLOCK_CAPTURE_AUTORELEASING = YES;
				CLANG_WARN_BOOL_CONVERSION = YES;
				CLANG_WARN_COMMA = YES;
				CLANG_WARN_CONSTANT_CONVERSION = YES;
				CLANG_WARN_DIRECT_OBJC_ISA_USAGE = YES_ERROR;
				CLANG_WARN_DOCUMENTATION_COMMENTS = YES;
				CLANG_WARN_EMPTY_BODY = YES;
				CLANG_WARN_ENUM_CONVERSION = YES;
				CLANG_WARN_INFINITE_RECURSION = YES;
				CLANG_WARN_INT_CONVERSION = YES;
				CLANG_WARN_NON_LITERAL_NULL_CONVERSION = YES;
				CLANG_WARN_OBJC_LITERAL_CONVERSION = YES;
				CLANG_WARN_OBJC_ROOT_CLASS = YES_ERROR;
				CLANG_WARN_RANGE_LOOP_ANALYSIS = YES;
				CLANG_WARN_STRICT_PROTOTYPES = YES;
				CLANG_WARN_SUSPICIOUS_MOVE = YES;
				CLANG_WARN_UNGUARDED_AVAILABILITY = YES_AGGRESSIVE;
				CLANG_WARN_UNREACHABLE_CODE = YES;
				CLANG_WARN__DUPLICATE_METHOD_MATCH = YES;
				CODE_SIGN_IDENTITY = "iPhone Developer";
				COPY_PHASE_STRIP = NO;
				DEBUG_INFORMATION_FORMAT = "dwarf-with-dsym";
				ENABLE_NS_ASSERTIONS = NO;
				ENABLE_STRICT_OBJC_MSGSEND = YES;
				GCC_C_LANGUAGE_STANDARD = gnu11;
				GCC_NO_COMMON_BLOCKS = YES;
				GCC_WARN_64_TO_32_BIT_CONVERSION = YES;
				GCC_WARN_ABOUT_RETURN_TYPE = YES_ERROR;
				GCC_WARN_UNDECLARED_SELECTOR = YES;
				GCC_WARN_UNINITIALIZED_AUTOS = YES_AGGRESSIVE;
				GCC_WARN_UNUSED_FUNCTION = YES;
				GCC_WARN_UNUSED_VARIABLE = YES;
				IPHONEOS_DEPLOYMENT_TARGET = 11.1;
				MTL_ENABLE_DEBUG_INFO = NO;
				SDKROOT = iphoneos;
				SWIFT_OPTIMIZATION_LEVEL = "-Owholemodule";
				VALIDATE_PRODUCT = YES;
			};
			name = Release;
		};
		D38C1DD4204E3183001E3A2A /* Debug */ = {
			isa = XCBuildConfiguration;
			buildSettings = {
				ASSETCATALOG_COMPILER_APPICON_NAME = AppIcon;
				CODE_SIGN_STYLE = Automatic;
				DEVELOPMENT_TEAM = VQ9K83TQKF;
				INFOPLIST_FILE = PageCollectionview/Info.plist;
				LD_RUNPATH_SEARCH_PATHS = "$(inherited) @executable_path/Frameworks";
				PRODUCT_BUNDLE_IDENTIFIER = DK.PageCollectionview;
				PRODUCT_NAME = "$(TARGET_NAME)";
				SWIFT_VERSION = 4.0;
				TARGETED_DEVICE_FAMILY = "1,2";
			};
			name = Debug;
		};
		D38C1DD5204E3183001E3A2A /* Release */ = {
			isa = XCBuildConfiguration;
			buildSettings = {
				ASSETCATALOG_COMPILER_APPICON_NAME = AppIcon;
				CODE_SIGN_STYLE = Automatic;
				DEVELOPMENT_TEAM = VQ9K83TQKF;
				INFOPLIST_FILE = PageCollectionview/Info.plist;
				LD_RUNPATH_SEARCH_PATHS = "$(inherited) @executable_path/Frameworks";
				PRODUCT_BUNDLE_IDENTIFIER = DK.PageCollectionview;
				PRODUCT_NAME = "$(TARGET_NAME)";
				SWIFT_VERSION = 4.0;
				TARGETED_DEVICE_FAMILY = "1,2";
			};
			name = Release;
		};
/* End XCBuildConfiguration section */

/* Begin XCConfigurationList section */
		D38C1DBC204E3183001E3A2A /* Build configuration list for PBXProject "PageCollectionview" */ = {
			isa = XCConfigurationList;
			buildConfigurations = (
				D38C1DD1204E3183001E3A2A /* Debug */,
				D38C1DD2204E3183001E3A2A /* Release */,
			);
			defaultConfigurationIsVisible = 0;
			defaultConfigurationName = Release;
		};
		D38C1DD3204E3183001E3A2A /* Build configuration list for PBXNativeTarget "PageCollectionview" */ = {
			isa = XCConfigurationList;
			buildConfigurations = (
				D38C1DD4204E3183001E3A2A /* Debug */,
				D38C1DD5204E3183001E3A2A /* Release */,
			);
			defaultConfigurationIsVisible = 0;
			defaultConfigurationName = Release;
		};
/* End XCConfigurationList section */
	};
	rootObject = D38C1DB9204E3183001E3A2A /* Project object */;
}
